// !$*UTF8*$!
{
	archiveVersion = 1;
	classes = {
	};
	objectVersion = 55;
	objects = {

/* Begin PBXBuildFile section */
		E9CB32D127EEC3A5000C8E0F /* AppDelegate.swift in Sources */ = {isa = PBXBuildFile; fileRef = E9CB32D027EEC3A5000C8E0F /* AppDelegate.swift */; };
		E9CB32D327EEC3A5000C8E0F /* SceneDelegate.swift in Sources */ = {isa = PBXBuildFile; fileRef = E9CB32D227EEC3A5000C8E0F /* SceneDelegate.swift */; };
		E9CB32D527EEC3A5000C8E0F /* MainViewController.swift in Sources */ = {isa = PBXBuildFile; fileRef = E9CB32D427EEC3A5000C8E0F /* MainViewController.swift */; };
		E9CB32D827EEC3A5000C8E0F /* Main.storyboard in Resources */ = {isa = PBXBuildFile; fileRef = E9CB32D627EEC3A5000C8E0F /* Main.storyboard */; };
		E9CB32DA27EEC3A6000C8E0F /* Assets.xcassets in Resources */ = {isa = PBXBuildFile; fileRef = E9CB32D927EEC3A6000C8E0F /* Assets.xcassets */; };
		E9CB32DD27EEC3A6000C8E0F /* LaunchScreen.storyboard in Resources */ = {isa = PBXBuildFile; fileRef = E9CB32DB27EEC3A6000C8E0F /* LaunchScreen.storyboard */; };
		E9CB32E827EEC3A6000C8E0F /* JHABITTests.swift in Sources */ = {isa = PBXBuildFile; fileRef = E9CB32E727EEC3A6000C8E0F /* JHABITTests.swift */; };
		E9CB32F227EEC3A6000C8E0F /* JHABITUITests.swift in Sources */ = {isa = PBXBuildFile; fileRef = E9CB32F127EEC3A6000C8E0F /* JHABITUITests.swift */; };
		E9CB32F427EEC3A6000C8E0F /* JHABITUITestsLaunchTests.swift in Sources */ = {isa = PBXBuildFile; fileRef = E9CB32F327EEC3A6000C8E0F /* JHABITUITestsLaunchTests.swift */; };
		E9CB330A27EECDF7000C8E0F /* ReuseViewIdentifierable.swift in Sources */ = {isa = PBXBuildFile; fileRef = E9CB330927EECDF7000C8E0F /* ReuseViewIdentifierable.swift */; };
		E9CB330C27EECE34000C8E0F /* ViewControllerFromStoryboard.swift in Sources */ = {isa = PBXBuildFile; fileRef = E9CB330B27EECE34000C8E0F /* ViewControllerFromStoryboard.swift */; };
		E9CB330E27EECE44000C8E0F /* StoryboardName.swift in Sources */ = {isa = PBXBuildFile; fileRef = E9CB330D27EECE44000C8E0F /* StoryboardName.swift */; };
		E9CB331227EECE91000C8E0F /* BaseViewController.swift in Sources */ = {isa = PBXBuildFile; fileRef = E9CB331127EECE91000C8E0F /* BaseViewController.swift */; };
		E9CB331527EECF13000C8E0F /* SwiftSoup in Frameworks */ = {isa = PBXBuildFile; productRef = E9CB331427EECF13000C8E0F /* SwiftSoup */; };
		E9CB331827EECF60000C8E0F /* SnapKit in Frameworks */ = {isa = PBXBuildFile; productRef = E9CB331727EECF60000C8E0F /* SnapKit */; };
		E9CB331B27EECF70000C8E0F /* Then in Frameworks */ = {isa = PBXBuildFile; productRef = E9CB331A27EECF70000C8E0F /* Then */; };
		E9CB331D27EED14F000C8E0F /* UIView+Extension.swift in Sources */ = {isa = PBXBuildFile; fileRef = E9CB331C27EED14F000C8E0F /* UIView+Extension.swift */; };
		E9CB331F27EED168000C8E0F /* UITableView+Extension.swift in Sources */ = {isa = PBXBuildFile; fileRef = E9CB331E27EED168000C8E0F /* UITableView+Extension.swift */; };
		E9CB332227EED591000C8E0F /* Alamofire in Frameworks */ = {isa = PBXBuildFile; productRef = E9CB332127EED591000C8E0F /* Alamofire */; };
		E9CB332427EEE17F000C8E0F /* Commit.swift in Sources */ = {isa = PBXBuildFile; fileRef = E9CB332327EEE17F000C8E0F /* Commit.swift */; };
		E9CB332827EEE849000C8E0F /* Commit.xcdatamodeld in Sources */ = {isa = PBXBuildFile; fileRef = E9CB332627EEE849000C8E0F /* Commit.xcdatamodeld */; };
		E9CB332B27EEECB7000C8E0F /* Intro.storyboard in Resources */ = {isa = PBXBuildFile; fileRef = E9CB332A27EEECB7000C8E0F /* Intro.storyboard */; };
		E9CB332D27EEECC3000C8E0F /* IntroViewController.swift in Sources */ = {isa = PBXBuildFile; fileRef = E9CB332C27EEECC3000C8E0F /* IntroViewController.swift */; };
		E9CB332F27EEED57000C8E0F /* CoreDataManager.swift in Sources */ = {isa = PBXBuildFile; fileRef = E9CB332E27EEED57000C8E0F /* CoreDataManager.swift */; };
		E9CB333227EF5AE3000C8E0F /* Lottie in Frameworks */ = {isa = PBXBuildFile; productRef = E9CB333127EF5AE3000C8E0F /* Lottie */; };
		E9CB333527EF5DA6000C8E0F /* 5694-growing.json in Resources */ = {isa = PBXBuildFile; fileRef = E9CB333427EF5DA6000C8E0F /* 5694-growing.json */; };
		E9CB333727EF5DAC000C8E0F /* 86521-growth-preloader-cyphr001.json in Resources */ = {isa = PBXBuildFile; fileRef = E9CB333627EF5DAC000C8E0F /* 86521-growth-preloader-cyphr001.json */; };
		E9CB333927EFF1CE000C8E0F /* InputViewController.swift in Sources */ = {isa = PBXBuildFile; fileRef = E9CB333827EFF1CE000C8E0F /* InputViewController.swift */; };
		E9CB333B27F7279E000C8E0F /* Constant.swift in Sources */ = {isa = PBXBuildFile; fileRef = E9CB333A27F7279E000C8E0F /* Constant.swift */; };
		E9CB333D27F72EE1000C8E0F /* Storage.swift in Sources */ = {isa = PBXBuildFile; fileRef = E9CB333C27F72EE1000C8E0F /* Storage.swift */; };
/* End PBXBuildFile section */

/* Begin PBXContainerItemProxy section */
		E9CB32E427EEC3A6000C8E0F /* PBXContainerItemProxy */ = {
			isa = PBXContainerItemProxy;
			containerPortal = E9CB32C527EEC3A5000C8E0F /* Project object */;
			proxyType = 1;
			remoteGlobalIDString = E9CB32CC27EEC3A5000C8E0F;
			remoteInfo = JHABIT;
		};
		E9CB32EE27EEC3A6000C8E0F /* PBXContainerItemProxy */ = {
			isa = PBXContainerItemProxy;
			containerPortal = E9CB32C527EEC3A5000C8E0F /* Project object */;
			proxyType = 1;
			remoteGlobalIDString = E9CB32CC27EEC3A5000C8E0F;
			remoteInfo = JHABIT;
		};
/* End PBXContainerItemProxy section */

/* Begin PBXFileReference section */
		E9CB32CD27EEC3A5000C8E0F /* JHABIT.app */ = {isa = PBXFileReference; explicitFileType = wrapper.application; includeInIndex = 0; path = JHABIT.app; sourceTree = BUILT_PRODUCTS_DIR; };
		E9CB32D027EEC3A5000C8E0F /* AppDelegate.swift */ = {isa = PBXFileReference; lastKnownFileType = sourcecode.swift; path = AppDelegate.swift; sourceTree = "<group>"; };
		E9CB32D227EEC3A5000C8E0F /* SceneDelegate.swift */ = {isa = PBXFileReference; lastKnownFileType = sourcecode.swift; path = SceneDelegate.swift; sourceTree = "<group>"; };
		E9CB32D427EEC3A5000C8E0F /* MainViewController.swift */ = {isa = PBXFileReference; lastKnownFileType = sourcecode.swift; path = MainViewController.swift; sourceTree = "<group>"; };
		E9CB32D727EEC3A5000C8E0F /* Base */ = {isa = PBXFileReference; lastKnownFileType = file.storyboard; name = Base; path = Base.lproj/Main.storyboard; sourceTree = "<group>"; };
		E9CB32D927EEC3A6000C8E0F /* Assets.xcassets */ = {isa = PBXFileReference; lastKnownFileType = folder.assetcatalog; path = Assets.xcassets; sourceTree = "<group>"; };
		E9CB32DC27EEC3A6000C8E0F /* Base */ = {isa = PBXFileReference; lastKnownFileType = file.storyboard; name = Base; path = Base.lproj/LaunchScreen.storyboard; sourceTree = "<group>"; };
		E9CB32DE27EEC3A6000C8E0F /* Info.plist */ = {isa = PBXFileReference; lastKnownFileType = text.plist.xml; path = Info.plist; sourceTree = "<group>"; };
		E9CB32E327EEC3A6000C8E0F /* JHABITTests.xctest */ = {isa = PBXFileReference; explicitFileType = wrapper.cfbundle; includeInIndex = 0; path = JHABITTests.xctest; sourceTree = BUILT_PRODUCTS_DIR; };
		E9CB32E727EEC3A6000C8E0F /* JHABITTests.swift */ = {isa = PBXFileReference; lastKnownFileType = sourcecode.swift; path = JHABITTests.swift; sourceTree = "<group>"; };
		E9CB32ED27EEC3A6000C8E0F /* JHABITUITests.xctest */ = {isa = PBXFileReference; explicitFileType = wrapper.cfbundle; includeInIndex = 0; path = JHABITUITests.xctest; sourceTree = BUILT_PRODUCTS_DIR; };
		E9CB32F127EEC3A6000C8E0F /* JHABITUITests.swift */ = {isa = PBXFileReference; lastKnownFileType = sourcecode.swift; path = JHABITUITests.swift; sourceTree = "<group>"; };
		E9CB32F327EEC3A6000C8E0F /* JHABITUITestsLaunchTests.swift */ = {isa = PBXFileReference; lastKnownFileType = sourcecode.swift; path = JHABITUITestsLaunchTests.swift; sourceTree = "<group>"; };
		E9CB330927EECDF7000C8E0F /* ReuseViewIdentifierable.swift */ = {isa = PBXFileReference; lastKnownFileType = sourcecode.swift; path = ReuseViewIdentifierable.swift; sourceTree = "<group>"; };
		E9CB330B27EECE34000C8E0F /* ViewControllerFromStoryboard.swift */ = {isa = PBXFileReference; lastKnownFileType = sourcecode.swift; path = ViewControllerFromStoryboard.swift; sourceTree = "<group>"; };
		E9CB330D27EECE44000C8E0F /* StoryboardName.swift */ = {isa = PBXFileReference; lastKnownFileType = sourcecode.swift; path = StoryboardName.swift; sourceTree = "<group>"; };
		E9CB331127EECE91000C8E0F /* BaseViewController.swift */ = {isa = PBXFileReference; lastKnownFileType = sourcecode.swift; path = BaseViewController.swift; sourceTree = "<group>"; };
		E9CB331C27EED14F000C8E0F /* UIView+Extension.swift */ = {isa = PBXFileReference; lastKnownFileType = sourcecode.swift; path = "UIView+Extension.swift"; sourceTree = "<group>"; };
		E9CB331E27EED168000C8E0F /* UITableView+Extension.swift */ = {isa = PBXFileReference; lastKnownFileType = sourcecode.swift; path = "UITableView+Extension.swift"; sourceTree = "<group>"; };
		E9CB332327EEE17F000C8E0F /* Commit.swift */ = {isa = PBXFileReference; lastKnownFileType = sourcecode.swift; path = Commit.swift; sourceTree = "<group>"; };
		E9CB332727EEE849000C8E0F /* Commit.xcdatamodel */ = {isa = PBXFileReference; lastKnownFileType = wrapper.xcdatamodel; path = Commit.xcdatamodel; sourceTree = "<group>"; };
		E9CB332A27EEECB7000C8E0F /* Intro.storyboard */ = {isa = PBXFileReference; lastKnownFileType = file.storyboard; path = Intro.storyboard; sourceTree = "<group>"; };
		E9CB332C27EEECC3000C8E0F /* IntroViewController.swift */ = {isa = PBXFileReference; lastKnownFileType = sourcecode.swift; path = IntroViewController.swift; sourceTree = "<group>"; };
		E9CB332E27EEED57000C8E0F /* CoreDataManager.swift */ = {isa = PBXFileReference; lastKnownFileType = sourcecode.swift; path = CoreDataManager.swift; sourceTree = "<group>"; };
		E9CB333427EF5DA6000C8E0F /* 5694-growing.json */ = {isa = PBXFileReference; fileEncoding = 4; lastKnownFileType = text.json; name = "5694-growing.json"; path = "../../../../../../Downloads/5694-growing.json"; sourceTree = "<group>"; };
		E9CB333627EF5DAC000C8E0F /* 86521-growth-preloader-cyphr001.json */ = {isa = PBXFileReference; fileEncoding = 4; lastKnownFileType = text.json; name = "86521-growth-preloader-cyphr001.json"; path = "../../../../../../Downloads/86521-growth-preloader-cyphr001.json"; sourceTree = "<group>"; };
		E9CB333827EFF1CE000C8E0F /* InputViewController.swift */ = {isa = PBXFileReference; lastKnownFileType = sourcecode.swift; path = InputViewController.swift; sourceTree = "<group>"; };
		E9CB333A27F7279E000C8E0F /* Constant.swift */ = {isa = PBXFileReference; lastKnownFileType = sourcecode.swift; path = Constant.swift; sourceTree = "<group>"; };
		E9CB333C27F72EE1000C8E0F /* Storage.swift */ = {isa = PBXFileReference; lastKnownFileType = sourcecode.swift; path = Storage.swift; sourceTree = "<group>"; };
/* End PBXFileReference section */

/* Begin PBXFrameworksBuildPhase section */
		E9CB32CA27EEC3A5000C8E0F /* Frameworks */ = {
			isa = PBXFrameworksBuildPhase;
			buildActionMask = 2147483647;
			files = (
				E9CB333227EF5AE3000C8E0F /* Lottie in Frameworks */,
				E9CB331527EECF13000C8E0F /* SwiftSoup in Frameworks */,
				E9CB332227EED591000C8E0F /* Alamofire in Frameworks */,
				E9CB331B27EECF70000C8E0F /* Then in Frameworks */,
				E9CB331827EECF60000C8E0F /* SnapKit in Frameworks */,
			);
			runOnlyForDeploymentPostprocessing = 0;
		};
		E9CB32E027EEC3A6000C8E0F /* Frameworks */ = {
			isa = PBXFrameworksBuildPhase;
			buildActionMask = 2147483647;
			files = (
			);
			runOnlyForDeploymentPostprocessing = 0;
		};
		E9CB32EA27EEC3A6000C8E0F /* Frameworks */ = {
			isa = PBXFrameworksBuildPhase;
			buildActionMask = 2147483647;
			files = (
			);
			runOnlyForDeploymentPostprocessing = 0;
		};
/* End PBXFrameworksBuildPhase section */

/* Begin PBXGroup section */
		E9CB32C427EEC3A5000C8E0F = {
			isa = PBXGroup;
			children = (
				E9CB32CF27EEC3A5000C8E0F /* JHABIT */,
				E9CB32E627EEC3A6000C8E0F /* JHABITTests */,
				E9CB32F027EEC3A6000C8E0F /* JHABITUITests */,
				E9CB32CE27EEC3A5000C8E0F /* Products */,
			);
			sourceTree = "<group>";
		};
		E9CB32CE27EEC3A5000C8E0F /* Products */ = {
			isa = PBXGroup;
			children = (
				E9CB32CD27EEC3A5000C8E0F /* JHABIT.app */,
				E9CB32E327EEC3A6000C8E0F /* JHABITTests.xctest */,
				E9CB32ED27EEC3A6000C8E0F /* JHABITUITests.xctest */,
			);
			name = Products;
			sourceTree = "<group>";
		};
		E9CB32CF27EEC3A5000C8E0F /* JHABIT */ = {
			isa = PBXGroup;
			children = (
				E9CB330727EECB0A000C8E0F /* Common */,
				E9CB330227EECAD9000C8E0F /* Network */,
				E9CB330627EECAFD000C8E0F /* ViewModel */,
				E9CB330027EEC3AE000C8E0F /* View */,
				E9CB330127EECAD5000C8E0F /* Utils */,
				E9CB32D027EEC3A5000C8E0F /* AppDelegate.swift */,
				E9CB32D227EEC3A5000C8E0F /* SceneDelegate.swift */,
				E9CB32D927EEC3A6000C8E0F /* Assets.xcassets */,
				E9CB32DB27EEC3A6000C8E0F /* LaunchScreen.storyboard */,
				E9CB32DE27EEC3A6000C8E0F /* Info.plist */,
			);
			path = JHABIT;
			sourceTree = "<group>";
		};
		E9CB32E627EEC3A6000C8E0F /* JHABITTests */ = {
			isa = PBXGroup;
			children = (
				E9CB32E727EEC3A6000C8E0F /* JHABITTests.swift */,
			);
			path = JHABITTests;
			sourceTree = "<group>";
		};
		E9CB32F027EEC3A6000C8E0F /* JHABITUITests */ = {
			isa = PBXGroup;
			children = (
				E9CB32F127EEC3A6000C8E0F /* JHABITUITests.swift */,
				E9CB32F327EEC3A6000C8E0F /* JHABITUITestsLaunchTests.swift */,
			);
			path = JHABITUITests;
			sourceTree = "<group>";
		};
		E9CB330027EEC3AE000C8E0F /* View */ = {
			isa = PBXGroup;
			children = (
				E9CB330F27EECE63000C8E0F /* Base */,
				E9CB332927EEECAD000C8E0F /* Intro */,
				E9CB331027EECE68000C8E0F /* Main */,
			);
			path = View;
			sourceTree = "<group>";
		};
		E9CB330127EECAD5000C8E0F /* Utils */ = {
			isa = PBXGroup;
			children = (
				E9CB330827EECB18000C8E0F /* Extension */,
				E9CB333A27F7279E000C8E0F /* Constant.swift */,
			);
			path = Utils;
			sourceTree = "<group>";
		};
		E9CB330227EECAD9000C8E0F /* Network */ = {
			isa = PBXGroup;
			children = (
				E9CB330527EECAF4000C8E0F /* API */,
				E9CB330427EECAED000C8E0F /* Service */,
				E9CB330327EECAE4000C8E0F /* Model */,
				E9CB332527EEE770000C8E0F /* DataBase */,
			);
			path = Network;
			sourceTree = "<group>";
		};
		E9CB330327EECAE4000C8E0F /* Model */ = {
			isa = PBXGroup;
			children = (
				E9CB332327EEE17F000C8E0F /* Commit.swift */,
			);
			path = Model;
			sourceTree = "<group>";
		};
		E9CB330427EECAED000C8E0F /* Service */ = {
			isa = PBXGroup;
			children = (
			);
			path = Service;
			sourceTree = "<group>";
		};
		E9CB330527EECAF4000C8E0F /* API */ = {
			isa = PBXGroup;
			children = (
			);
			path = API;
			sourceTree = "<group>";
		};
		E9CB330627EECAFD000C8E0F /* ViewModel */ = {
			isa = PBXGroup;
			children = (
			);
			path = ViewModel;
			sourceTree = "<group>";
		};
		E9CB330727EECB0A000C8E0F /* Common */ = {
			isa = PBXGroup;
			children = (
				E9CB333327EF5D8F000C8E0F /* Lottie */,
				E9CB330927EECDF7000C8E0F /* ReuseViewIdentifierable.swift */,
				E9CB330B27EECE34000C8E0F /* ViewControllerFromStoryboard.swift */,
				E9CB330D27EECE44000C8E0F /* StoryboardName.swift */,
				E9CB333C27F72EE1000C8E0F /* Storage.swift */,
			);
			path = Common;
			sourceTree = "<group>";
		};
		E9CB330827EECB18000C8E0F /* Extension */ = {
			isa = PBXGroup;
			children = (
				E9CB331C27EED14F000C8E0F /* UIView+Extension.swift */,
				E9CB331E27EED168000C8E0F /* UITableView+Extension.swift */,
			);
			path = Extension;
			sourceTree = "<group>";
		};
		E9CB330F27EECE63000C8E0F /* Base */ = {
			isa = PBXGroup;
			children = (
				E9CB331127EECE91000C8E0F /* BaseViewController.swift */,
			);
			path = Base;
			sourceTree = "<group>";
		};
		E9CB331027EECE68000C8E0F /* Main */ = {
			isa = PBXGroup;
			children = (
				E9CB32D627EEC3A5000C8E0F /* Main.storyboard */,
				E9CB32D427EEC3A5000C8E0F /* MainViewController.swift */,
				E9CB333827EFF1CE000C8E0F /* InputViewController.swift */,
			);
			path = Main;
			sourceTree = "<group>";
		};
		E9CB332527EEE770000C8E0F /* DataBase */ = {
			isa = PBXGroup;
			children = (
				E9CB332627EEE849000C8E0F /* Commit.xcdatamodeld */,
				E9CB332E27EEED57000C8E0F /* CoreDataManager.swift */,
			);
			path = DataBase;
			sourceTree = "<group>";
		};
		E9CB332927EEECAD000C8E0F /* Intro */ = {
			isa = PBXGroup;
			children = (
				E9CB332A27EEECB7000C8E0F /* Intro.storyboard */,
				E9CB332C27EEECC3000C8E0F /* IntroViewController.swift */,
			);
			path = Intro;
			sourceTree = "<group>";
		};
		E9CB333327EF5D8F000C8E0F /* Lottie */ = {
			isa = PBXGroup;
			children = (
				E9CB333427EF5DA6000C8E0F /* 5694-growing.json */,
				E9CB333627EF5DAC000C8E0F /* 86521-growth-preloader-cyphr001.json */,
			);
			path = Lottie;
			sourceTree = "<group>";
		};
/* End PBXGroup section */

/* Begin PBXNativeTarget section */
		E9CB32CC27EEC3A5000C8E0F /* JHABIT */ = {
			isa = PBXNativeTarget;
			buildConfigurationList = E9CB32F727EEC3A6000C8E0F /* Build configuration list for PBXNativeTarget "JHABIT" */;
			buildPhases = (
				E9CB32C927EEC3A5000C8E0F /* Sources */,
				E9CB32CA27EEC3A5000C8E0F /* Frameworks */,
				E9CB32CB27EEC3A5000C8E0F /* Resources */,
			);
			buildRules = (
			);
			dependencies = (
			);
			name = JHABIT;
			packageProductDependencies = (
				E9CB331427EECF13000C8E0F /* SwiftSoup */,
				E9CB331727EECF60000C8E0F /* SnapKit */,
				E9CB331A27EECF70000C8E0F /* Then */,
				E9CB332127EED591000C8E0F /* Alamofire */,
				E9CB333127EF5AE3000C8E0F /* Lottie */,
			);
			productName = JHABIT;
			productReference = E9CB32CD27EEC3A5000C8E0F /* JHABIT.app */;
			productType = "com.apple.product-type.application";
		};
		E9CB32E227EEC3A6000C8E0F /* JHABITTests */ = {
			isa = PBXNativeTarget;
			buildConfigurationList = E9CB32FA27EEC3A6000C8E0F /* Build configuration list for PBXNativeTarget "JHABITTests" */;
			buildPhases = (
				E9CB32DF27EEC3A6000C8E0F /* Sources */,
				E9CB32E027EEC3A6000C8E0F /* Frameworks */,
				E9CB32E127EEC3A6000C8E0F /* Resources */,
			);
			buildRules = (
			);
			dependencies = (
				E9CB32E527EEC3A6000C8E0F /* PBXTargetDependency */,
			);
			name = JHABITTests;
			productName = JHABITTests;
			productReference = E9CB32E327EEC3A6000C8E0F /* JHABITTests.xctest */;
			productType = "com.apple.product-type.bundle.unit-test";
		};
		E9CB32EC27EEC3A6000C8E0F /* JHABITUITests */ = {
			isa = PBXNativeTarget;
			buildConfigurationList = E9CB32FD27EEC3A6000C8E0F /* Build configuration list for PBXNativeTarget "JHABITUITests" */;
			buildPhases = (
				E9CB32E927EEC3A6000C8E0F /* Sources */,
				E9CB32EA27EEC3A6000C8E0F /* Frameworks */,
				E9CB32EB27EEC3A6000C8E0F /* Resources */,
			);
			buildRules = (
			);
			dependencies = (
				E9CB32EF27EEC3A6000C8E0F /* PBXTargetDependency */,
			);
			name = JHABITUITests;
			productName = JHABITUITests;
			productReference = E9CB32ED27EEC3A6000C8E0F /* JHABITUITests.xctest */;
			productType = "com.apple.product-type.bundle.ui-testing";
		};
/* End PBXNativeTarget section */

/* Begin PBXProject section */
		E9CB32C527EEC3A5000C8E0F /* Project object */ = {
			isa = PBXProject;
			attributes = {
				BuildIndependentTargetsInParallel = 1;
				LastSwiftUpdateCheck = 1330;
				LastUpgradeCheck = 1330;
				TargetAttributes = {
					E9CB32CC27EEC3A5000C8E0F = {
						CreatedOnToolsVersion = 13.3;
					};
					E9CB32E227EEC3A6000C8E0F = {
						CreatedOnToolsVersion = 13.3;
						TestTargetID = E9CB32CC27EEC3A5000C8E0F;
					};
					E9CB32EC27EEC3A6000C8E0F = {
						CreatedOnToolsVersion = 13.3;
						TestTargetID = E9CB32CC27EEC3A5000C8E0F;
					};
				};
			};
			buildConfigurationList = E9CB32C827EEC3A5000C8E0F /* Build configuration list for PBXProject "JHABIT" */;
			compatibilityVersion = "Xcode 13.0";
			developmentRegion = en;
			hasScannedForEncodings = 0;
			knownRegions = (
				en,
				Base,
			);
			mainGroup = E9CB32C427EEC3A5000C8E0F;
			packageReferences = (
				E9CB331327EECF13000C8E0F /* XCRemoteSwiftPackageReference "SwiftSoup" */,
				E9CB331627EECF60000C8E0F /* XCRemoteSwiftPackageReference "SnapKit" */,
				E9CB331927EECF70000C8E0F /* XCRemoteSwiftPackageReference "Then" */,
				E9CB332027EED591000C8E0F /* XCRemoteSwiftPackageReference "Alamofire" */,
				E9CB333027EF5AE3000C8E0F /* XCRemoteSwiftPackageReference "lottie-ios" */,
			);
			productRefGroup = E9CB32CE27EEC3A5000C8E0F /* Products */;
			projectDirPath = "";
			projectRoot = "";
			targets = (
				E9CB32CC27EEC3A5000C8E0F /* JHABIT */,
				E9CB32E227EEC3A6000C8E0F /* JHABITTests */,
				E9CB32EC27EEC3A6000C8E0F /* JHABITUITests */,
			);
		};
/* End PBXProject section */

/* Begin PBXResourcesBuildPhase section */
		E9CB32CB27EEC3A5000C8E0F /* Resources */ = {
			isa = PBXResourcesBuildPhase;
			buildActionMask = 2147483647;
			files = (
				E9CB32DD27EEC3A6000C8E0F /* LaunchScreen.storyboard in Resources */,
				E9CB32DA27EEC3A6000C8E0F /* Assets.xcassets in Resources */,
				E9CB32D827EEC3A5000C8E0F /* Main.storyboard in Resources */,
				E9CB333727EF5DAC000C8E0F /* 86521-growth-preloader-cyphr001.json in Resources */,
				E9CB332B27EEECB7000C8E0F /* Intro.storyboard in Resources */,
				E9CB333527EF5DA6000C8E0F /* 5694-growing.json in Resources */,
			);
			runOnlyForDeploymentPostprocessing = 0;
		};
		E9CB32E127EEC3A6000C8E0F /* Resources */ = {
			isa = PBXResourcesBuildPhase;
			buildActionMask = 2147483647;
			files = (
			);
			runOnlyForDeploymentPostprocessing = 0;
		};
		E9CB32EB27EEC3A6000C8E0F /* Resources */ = {
			isa = PBXResourcesBuildPhase;
			buildActionMask = 2147483647;
			files = (
			);
			runOnlyForDeploymentPostprocessing = 0;
		};
/* End PBXResourcesBuildPhase section */

/* Begin PBXSourcesBuildPhase section */
		E9CB32C927EEC3A5000C8E0F /* Sources */ = {
			isa = PBXSourcesBuildPhase;
			buildActionMask = 2147483647;
			files = (
				E9CB332427EEE17F000C8E0F /* Commit.swift in Sources */,
				E9CB330A27EECDF7000C8E0F /* ReuseViewIdentifierable.swift in Sources */,
				E9CB333B27F7279E000C8E0F /* Constant.swift in Sources */,
				E9CB332827EEE849000C8E0F /* Commit.xcdatamodeld in Sources */,
				E9CB333927EFF1CE000C8E0F /* InputViewController.swift in Sources */,
				E9CB332D27EEECC3000C8E0F /* IntroViewController.swift in Sources */,
				E9CB330C27EECE34000C8E0F /* ViewControllerFromStoryboard.swift in Sources */,
				E9CB331F27EED168000C8E0F /* UITableView+Extension.swift in Sources */,
				E9CB331D27EED14F000C8E0F /* UIView+Extension.swift in Sources */,
				E9CB332F27EEED57000C8E0F /* CoreDataManager.swift in Sources */,
				E9CB32D527EEC3A5000C8E0F /* MainViewController.swift in Sources */,
				E9CB330E27EECE44000C8E0F /* StoryboardName.swift in Sources */,
				E9CB32D127EEC3A5000C8E0F /* AppDelegate.swift in Sources */,
				E9CB333D27F72EE1000C8E0F /* Storage.swift in Sources */,
				E9CB331227EECE91000C8E0F /* BaseViewController.swift in Sources */,
				E9CB32D327EEC3A5000C8E0F /* SceneDelegate.swift in Sources */,
			);
			runOnlyForDeploymentPostprocessing = 0;
		};
		E9CB32DF27EEC3A6000C8E0F /* Sources */ = {
			isa = PBXSourcesBuildPhase;
			buildActionMask = 2147483647;
			files = (
				E9CB32E827EEC3A6000C8E0F /* JHABITTests.swift in Sources */,
			);
			runOnlyForDeploymentPostprocessing = 0;
		};
		E9CB32E927EEC3A6000C8E0F /* Sources */ = {
			isa = PBXSourcesBuildPhase;
			buildActionMask = 2147483647;
			files = (
				E9CB32F427EEC3A6000C8E0F /* JHABITUITestsLaunchTests.swift in Sources */,
				E9CB32F227EEC3A6000C8E0F /* JHABITUITests.swift in Sources */,
			);
			runOnlyForDeploymentPostprocessing = 0;
		};
/* End PBXSourcesBuildPhase section */

/* Begin PBXTargetDependency section */
		E9CB32E527EEC3A6000C8E0F /* PBXTargetDependency */ = {
			isa = PBXTargetDependency;
			target = E9CB32CC27EEC3A5000C8E0F /* JHABIT */;
			targetProxy = E9CB32E427EEC3A6000C8E0F /* PBXContainerItemProxy */;
		};
		E9CB32EF27EEC3A6000C8E0F /* PBXTargetDependency */ = {
			isa = PBXTargetDependency;
			target = E9CB32CC27EEC3A5000C8E0F /* JHABIT */;
			targetProxy = E9CB32EE27EEC3A6000C8E0F /* PBXContainerItemProxy */;
		};
/* End PBXTargetDependency section */

/* Begin PBXVariantGroup section */
		E9CB32D627EEC3A5000C8E0F /* Main.storyboard */ = {
			isa = PBXVariantGroup;
			children = (
				E9CB32D727EEC3A5000C8E0F /* Base */,
			);
			name = Main.storyboard;
			sourceTree = "<group>";
		};
		E9CB32DB27EEC3A6000C8E0F /* LaunchScreen.storyboard */ = {
			isa = PBXVariantGroup;
			children = (
				E9CB32DC27EEC3A6000C8E0F /* Base */,
			);
			name = LaunchScreen.storyboard;
			sourceTree = "<group>";
		};
/* End PBXVariantGroup section */

/* Begin XCBuildConfiguration section */
		E9CB32F527EEC3A6000C8E0F /* Debug */ = {
			isa = XCBuildConfiguration;
			buildSettings = {
				ALWAYS_SEARCH_USER_PATHS = NO;
				CLANG_ANALYZER_NONNULL = YES;
				CLANG_ANALYZER_NUMBER_OBJECT_CONVERSION = YES_AGGRESSIVE;
				CLANG_CXX_LANGUAGE_STANDARD = "gnu++17";
				CLANG_ENABLE_MODULES = YES;
				CLANG_ENABLE_OBJC_ARC = YES;
				CLANG_ENABLE_OBJC_WEAK = YES;
				CLANG_WARN_BLOCK_CAPTURE_AUTORELEASING = YES;
				CLANG_WARN_BOOL_CONVERSION = YES;
				CLANG_WARN_COMMA = YES;
				CLANG_WARN_CONSTANT_CONVERSION = YES;
				CLANG_WARN_DEPRECATED_OBJC_IMPLEMENTATIONS = YES;
				CLANG_WARN_DIRECT_OBJC_ISA_USAGE = YES_ERROR;
				CLANG_WARN_DOCUMENTATION_COMMENTS = YES;
				CLANG_WARN_EMPTY_BODY = YES;
				CLANG_WARN_ENUM_CONVERSION = YES;
				CLANG_WARN_INFINITE_RECURSION = YES;
				CLANG_WARN_INT_CONVERSION = YES;
				CLANG_WARN_NON_LITERAL_NULL_CONVERSION = YES;
				CLANG_WARN_OBJC_IMPLICIT_RETAIN_SELF = YES;
				CLANG_WARN_OBJC_LITERAL_CONVERSION = YES;
				CLANG_WARN_OBJC_ROOT_CLASS = YES_ERROR;
				CLANG_WARN_QUOTED_INCLUDE_IN_FRAMEWORK_HEADER = YES;
				CLANG_WARN_RANGE_LOOP_ANALYSIS = YES;
				CLANG_WARN_STRICT_PROTOTYPES = YES;
				CLANG_WARN_SUSPICIOUS_MOVE = YES;
				CLANG_WARN_UNGUARDED_AVAILABILITY = YES_AGGRESSIVE;
				CLANG_WARN_UNREACHABLE_CODE = YES;
				CLANG_WARN__DUPLICATE_METHOD_MATCH = YES;
				COPY_PHASE_STRIP = NO;
				DEBUG_INFORMATION_FORMAT = dwarf;
				ENABLE_STRICT_OBJC_MSGSEND = YES;
				ENABLE_TESTABILITY = YES;
				GCC_C_LANGUAGE_STANDARD = gnu11;
				GCC_DYNAMIC_NO_PIC = NO;
				GCC_NO_COMMON_BLOCKS = YES;
				GCC_OPTIMIZATION_LEVEL = 0;
				GCC_PREPROCESSOR_DEFINITIONS = (
					"DEBUG=1",
					"$(inherited)",
				);
				GCC_WARN_64_TO_32_BIT_CONVERSION = YES;
				GCC_WARN_ABOUT_RETURN_TYPE = YES_ERROR;
				GCC_WARN_UNDECLARED_SELECTOR = YES;
				GCC_WARN_UNINITIALIZED_AUTOS = YES_AGGRESSIVE;
				GCC_WARN_UNUSED_FUNCTION = YES;
				GCC_WARN_UNUSED_VARIABLE = YES;
				IPHONEOS_DEPLOYMENT_TARGET = 15.0;
				MTL_ENABLE_DEBUG_INFO = INCLUDE_SOURCE;
				MTL_FAST_MATH = YES;
				ONLY_ACTIVE_ARCH = YES;
				SDKROOT = iphoneos;
				SWIFT_ACTIVE_COMPILATION_CONDITIONS = DEBUG;
				SWIFT_OPTIMIZATION_LEVEL = "-Onone";
			};
			name = Debug;
		};
		E9CB32F627EEC3A6000C8E0F /* Release */ = {
			isa = XCBuildConfiguration;
			buildSettings = {
				ALWAYS_SEARCH_USER_PATHS = NO;
				CLANG_ANALYZER_NONNULL = YES;
				CLANG_ANALYZER_NUMBER_OBJECT_CONVERSION = YES_AGGRESSIVE;
				CLANG_CXX_LANGUAGE_STANDARD = "gnu++17";
				CLANG_ENABLE_MODULES = YES;
				CLANG_ENABLE_OBJC_ARC = YES;
				CLANG_ENABLE_OBJC_WEAK = YES;
				CLANG_WARN_BLOCK_CAPTURE_AUTORELEASING = YES;
				CLANG_WARN_BOOL_CONVERSION = YES;
				CLANG_WARN_COMMA = YES;
				CLANG_WARN_CONSTANT_CONVERSION = YES;
				CLANG_WARN_DEPRECATED_OBJC_IMPLEMENTATIONS = YES;
				CLANG_WARN_DIRECT_OBJC_ISA_USAGE = YES_ERROR;
				CLANG_WARN_DOCUMENTATION_COMMENTS = YES;
				CLANG_WARN_EMPTY_BODY = YES;
				CLANG_WARN_ENUM_CONVERSION = YES;
				CLANG_WARN_INFINITE_RECURSION = YES;
				CLANG_WARN_INT_CONVERSION = YES;
				CLANG_WARN_NON_LITERAL_NULL_CONVERSION = YES;
				CLANG_WARN_OBJC_IMPLICIT_RETAIN_SELF = YES;
				CLANG_WARN_OBJC_LITERAL_CONVERSION = YES;
				CLANG_WARN_OBJC_ROOT_CLASS = YES_ERROR;
				CLANG_WARN_QUOTED_INCLUDE_IN_FRAMEWORK_HEADER = YES;
				CLANG_WARN_RANGE_LOOP_ANALYSIS = YES;
				CLANG_WARN_STRICT_PROTOTYPES = YES;
				CLANG_WARN_SUSPICIOUS_MOVE = YES;
				CLANG_WARN_UNGUARDED_AVAILABILITY = YES_AGGRESSIVE;
				CLANG_WARN_UNREACHABLE_CODE = YES;
				CLANG_WARN__DUPLICATE_METHOD_MATCH = YES;
				COPY_PHASE_STRIP = NO;
				DEBUG_INFORMATION_FORMAT = "dwarf-with-dsym";
				ENABLE_NS_ASSERTIONS = NO;
				ENABLE_STRICT_OBJC_MSGSEND = YES;
				GCC_C_LANGUAGE_STANDARD = gnu11;
				GCC_NO_COMMON_BLOCKS = YES;
				GCC_WARN_64_TO_32_BIT_CONVERSION = YES;
				GCC_WARN_ABOUT_RETURN_TYPE = YES_ERROR;
				GCC_WARN_UNDECLARED_SELECTOR = YES;
				GCC_WARN_UNINITIALIZED_AUTOS = YES_AGGRESSIVE;
				GCC_WARN_UNUSED_FUNCTION = YES;
				GCC_WARN_UNUSED_VARIABLE = YES;
				IPHONEOS_DEPLOYMENT_TARGET = 15.0;
				MTL_ENABLE_DEBUG_INFO = NO;
				MTL_FAST_MATH = YES;
				SDKROOT = iphoneos;
				SWIFT_COMPILATION_MODE = wholemodule;
				SWIFT_OPTIMIZATION_LEVEL = "-O";
				VALIDATE_PRODUCT = YES;
			};
			name = Release;
		};
		E9CB32F827EEC3A6000C8E0F /* Debug */ = {
			isa = XCBuildConfiguration;
			buildSettings = {
				ASSETCATALOG_COMPILER_APPICON_NAME = AppIcon;
				ASSETCATALOG_COMPILER_GLOBAL_ACCENT_COLOR_NAME = AccentColor;
				CODE_SIGN_IDENTITY = "Apple Development";
				CODE_SIGN_STYLE = Automatic;
				CURRENT_PROJECT_VERSION = 1;
				DEVELOPMENT_TEAM = 4U3LY873Q2;
				GENERATE_INFOPLIST_FILE = YES;
				INFOPLIST_FILE = JHABIT/Info.plist;
				INFOPLIST_KEY_UIApplicationSupportsIndirectInputEvents = YES;
				INFOPLIST_KEY_UILaunchStoryboardName = LaunchScreen;
				INFOPLIST_KEY_UIMainStoryboardFile = Main;
				INFOPLIST_KEY_UISupportedInterfaceOrientations_iPad = "UIInterfaceOrientationPortrait UIInterfaceOrientationPortraitUpsideDown UIInterfaceOrientationLandscapeLeft UIInterfaceOrientationLandscapeRight";
				INFOPLIST_KEY_UISupportedInterfaceOrientations_iPhone = "UIInterfaceOrientationPortrait UIInterfaceOrientationLandscapeLeft UIInterfaceOrientationLandscapeRight";
				LD_RUNPATH_SEARCH_PATHS = (
					"$(inherited)",
					"@executable_path/Frameworks",
				);
				MARKETING_VERSION = 1.0;
				PRODUCT_BUNDLE_IDENTIFIER = jeehge.com.JHABIT;
				PRODUCT_NAME = "$(TARGET_NAME)";
				PROVISIONING_PROFILE_SPECIFIER = "";
				SWIFT_EMIT_LOC_STRINGS = YES;
				SWIFT_VERSION = 5.0;
				TARGETED_DEVICE_FAMILY = 1;
			};
			name = Debug;
		};
		E9CB32F927EEC3A6000C8E0F /* Release */ = {
			isa = XCBuildConfiguration;
			buildSettings = {
				ASSETCATALOG_COMPILER_APPICON_NAME = AppIcon;
				ASSETCATALOG_COMPILER_GLOBAL_ACCENT_COLOR_NAME = AccentColor;
				CODE_SIGN_IDENTITY = "Apple Development";
				CODE_SIGN_STYLE = Automatic;
				CURRENT_PROJECT_VERSION = 1;
				DEVELOPMENT_TEAM = 4U3LY873Q2;
				GENERATE_INFOPLIST_FILE = YES;
				INFOPLIST_FILE = JHABIT/Info.plist;
				INFOPLIST_KEY_UIApplicationSupportsIndirectInputEvents = YES;
				INFOPLIST_KEY_UILaunchStoryboardName = LaunchScreen;
				INFOPLIST_KEY_UIMainStoryboardFile = Main;
				INFOPLIST_KEY_UISupportedInterfaceOrientations_iPad = "UIInterfaceOrientationPortrait UIInterfaceOrientationPortraitUpsideDown UIInterfaceOrientationLandscapeLeft UIInterfaceOrientationLandscapeRight";
				INFOPLIST_KEY_UISupportedInterfaceOrientations_iPhone = "UIInterfaceOrientationPortrait UIInterfaceOrientationLandscapeLeft UIInterfaceOrientationLandscapeRight";
				LD_RUNPATH_SEARCH_PATHS = (
					"$(inherited)",
					"@executable_path/Frameworks",
				);
				MARKETING_VERSION = 1.0;
				PRODUCT_BUNDLE_IDENTIFIER = jeehge.com.JHABIT;
				PRODUCT_NAME = "$(TARGET_NAME)";
				PROVISIONING_PROFILE_SPECIFIER = "";
				SWIFT_EMIT_LOC_STRINGS = YES;
				SWIFT_VERSION = 5.0;
				TARGETED_DEVICE_FAMILY = 1;
			};
			name = Release;
		};
		E9CB32FB27EEC3A6000C8E0F /* Debug */ = {
			isa = XCBuildConfiguration;
			buildSettings = {
				ALWAYS_EMBED_SWIFT_STANDARD_LIBRARIES = YES;
				BUNDLE_LOADER = "$(TEST_HOST)";
				CODE_SIGN_STYLE = Automatic;
				CURRENT_PROJECT_VERSION = 1;
				GENERATE_INFOPLIST_FILE = YES;
				IPHONEOS_DEPLOYMENT_TARGET = 15.4;
				MARKETING_VERSION = 1.0;
				PRODUCT_BUNDLE_IDENTIFIER = jeehge.com.JHABITTests;
				PRODUCT_NAME = "$(TARGET_NAME)";
				SWIFT_EMIT_LOC_STRINGS = NO;
				SWIFT_VERSION = 5.0;
				TARGETED_DEVICE_FAMILY = "1,2";
				TEST_HOST = "$(BUILT_PRODUCTS_DIR)/JHABIT.app/JHABIT";
			};
			name = Debug;
		};
		E9CB32FC27EEC3A6000C8E0F /* Release */ = {
			isa = XCBuildConfiguration;
			buildSettings = {
				ALWAYS_EMBED_SWIFT_STANDARD_LIBRARIES = YES;
				BUNDLE_LOADER = "$(TEST_HOST)";
				CODE_SIGN_STYLE = Automatic;
				CURRENT_PROJECT_VERSION = 1;
				GENERATE_INFOPLIST_FILE = YES;
				IPHONEOS_DEPLOYMENT_TARGET = 15.4;
				MARKETING_VERSION = 1.0;
				PRODUCT_BUNDLE_IDENTIFIER = jeehge.com.JHABITTests;
				PRODUCT_NAME = "$(TARGET_NAME)";
				SWIFT_EMIT_LOC_STRINGS = NO;
				SWIFT_VERSION = 5.0;
				TARGETED_DEVICE_FAMILY = "1,2";
				TEST_HOST = "$(BUILT_PRODUCTS_DIR)/JHABIT.app/JHABIT";
			};
			name = Release;
		};
		E9CB32FE27EEC3A6000C8E0F /* Debug */ = {
			isa = XCBuildConfiguration;
			buildSettings = {
				ALWAYS_EMBED_SWIFT_STANDARD_LIBRARIES = YES;
				CODE_SIGN_STYLE = Automatic;
				CURRENT_PROJECT_VERSION = 1;
				GENERATE_INFOPLIST_FILE = YES;
				MARKETING_VERSION = 1.0;
				PRODUCT_BUNDLE_IDENTIFIER = jeehge.com.JHABITUITests;
				PRODUCT_NAME = "$(TARGET_NAME)";
				SWIFT_EMIT_LOC_STRINGS = NO;
				SWIFT_VERSION = 5.0;
				TARGETED_DEVICE_FAMILY = "1,2";
				TEST_TARGET_NAME = JHABIT;
			};
			name = Debug;
		};
		E9CB32FF27EEC3A6000C8E0F /* Release */ = {
			isa = XCBuildConfiguration;
			buildSettings = {
				ALWAYS_EMBED_SWIFT_STANDARD_LIBRARIES = YES;
				CODE_SIGN_STYLE = Automatic;
				CURRENT_PROJECT_VERSION = 1;
				GENERATE_INFOPLIST_FILE = YES;
				MARKETING_VERSION = 1.0;
				PRODUCT_BUNDLE_IDENTIFIER = jeehge.com.JHABITUITests;
				PRODUCT_NAME = "$(TARGET_NAME)";
				SWIFT_EMIT_LOC_STRINGS = NO;
				SWIFT_VERSION = 5.0;
				TARGETED_DEVICE_FAMILY = "1,2";
				TEST_TARGET_NAME = JHABIT;
			};
			name = Release;
		};
/* End XCBuildConfiguration section */

/* Begin XCConfigurationList section */
		E9CB32C827EEC3A5000C8E0F /* Build configuration list for PBXProject "JHABIT" */ = {
			isa = XCConfigurationList;
			buildConfigurations = (
				E9CB32F527EEC3A6000C8E0F /* Debug */,
				E9CB32F627EEC3A6000C8E0F /* Release */,
			);
			defaultConfigurationIsVisible = 0;
			defaultConfigurationName = Release;
		};
		E9CB32F727EEC3A6000C8E0F /* Build configuration list for PBXNativeTarget "JHABIT" */ = {
			isa = XCConfigurationList;
			buildConfigurations = (
				E9CB32F827EEC3A6000C8E0F /* Debug */,
				E9CB32F927EEC3A6000C8E0F /* Release */,
			);
			defaultConfigurationIsVisible = 0;
			defaultConfigurationName = Release;
		};
		E9CB32FA27EEC3A6000C8E0F /* Build configuration list for PBXNativeTarget "JHABITTests" */ = {
			isa = XCConfigurationList;
			buildConfigurations = (
				E9CB32FB27EEC3A6000C8E0F /* Debug */,
				E9CB32FC27EEC3A6000C8E0F /* Release */,
			);
			defaultConfigurationIsVisible = 0;
			defaultConfigurationName = Release;
		};
		E9CB32FD27EEC3A6000C8E0F /* Build configuration list for PBXNativeTarget "JHABITUITests" */ = {
			isa = XCConfigurationList;
			buildConfigurations = (
				E9CB32FE27EEC3A6000C8E0F /* Debug */,
				E9CB32FF27EEC3A6000C8E0F /* Release */,
			);
			defaultConfigurationIsVisible = 0;
			defaultConfigurationName = Release;
		};
/* End XCConfigurationList section */

/* Begin XCRemoteSwiftPackageReference section */
		E9CB331327EECF13000C8E0F /* XCRemoteSwiftPackageReference "SwiftSoup" */ = {
			isa = XCRemoteSwiftPackageReference;
			repositoryURL = "https://github.com/scinfu/SwiftSoup";
			requirement = {
				kind = upToNextMajorVersion;
				minimumVersion = 2.0.0;
			};
		};
		E9CB331627EECF60000C8E0F /* XCRemoteSwiftPackageReference "SnapKit" */ = {
			isa = XCRemoteSwiftPackageReference;
			repositoryURL = "https://github.com/SnapKit/SnapKit";
			requirement = {
				kind = upToNextMajorVersion;
				minimumVersion = 5.0.0;
			};
		};
		E9CB331927EECF70000C8E0F /* XCRemoteSwiftPackageReference "Then" */ = {
			isa = XCRemoteSwiftPackageReference;
			repositoryURL = "https://github.com/devxoul/Then";
			requirement = {
				kind = upToNextMajorVersion;
				minimumVersion = 2.0.0;
			};
		};
		E9CB332027EED591000C8E0F /* XCRemoteSwiftPackageReference "Alamofire" */ = {
			isa = XCRemoteSwiftPackageReference;
			repositoryURL = "https://github.com/Alamofire/Alamofire";
			requirement = {
				kind = upToNextMajorVersion;
				minimumVersion = 5.0.0;
			};
		};
		E9CB333027EF5AE3000C8E0F /* XCRemoteSwiftPackageReference "lottie-ios" */ = {
			isa = XCRemoteSwiftPackageReference;
			repositoryURL = "https://github.com/airbnb/lottie-ios";
			requirement = {
				kind = upToNextMajorVersion;
				minimumVersion = 3.0.0;
			};
		};
/* End XCRemoteSwiftPackageReference section */

/* Begin XCSwiftPackageProductDependency section */
		E9CB331427EECF13000C8E0F /* SwiftSoup */ = {
			isa = XCSwiftPackageProductDependency;
			package = E9CB331327EECF13000C8E0F /* XCRemoteSwiftPackageReference "SwiftSoup" */;
			productName = SwiftSoup;
		};
		E9CB331727EECF60000C8E0F /* SnapKit */ = {
			isa = XCSwiftPackageProductDependency;
			package = E9CB331627EECF60000C8E0F /* XCRemoteSwiftPackageReference "SnapKit" */;
			productName = SnapKit;
		};
		E9CB331A27EECF70000C8E0F /* Then */ = {
			isa = XCSwiftPackageProductDependency;
			package = E9CB331927EECF70000C8E0F /* XCRemoteSwiftPackageReference "Then" */;
			productName = Then;
		};
		E9CB332127EED591000C8E0F /* Alamofire */ = {
			isa = XCSwiftPackageProductDependency;
			package = E9CB332027EED591000C8E0F /* XCRemoteSwiftPackageReference "Alamofire" */;
			productName = Alamofire;
		};
		E9CB333127EF5AE3000C8E0F /* Lottie */ = {
			isa = XCSwiftPackageProductDependency;
			package = E9CB333027EF5AE3000C8E0F /* XCRemoteSwiftPackageReference "lottie-ios" */;
			productName = Lottie;
		};
/* End XCSwiftPackageProductDependency section */

/* Begin XCVersionGroup section */
		E9CB332627EEE849000C8E0F /* Commit.xcdatamodeld */ = {
			isa = XCVersionGroup;
			children = (
				E9CB332727EEE849000C8E0F /* Commit.xcdatamodel */,
			);
			currentVersion = E9CB332727EEE849000C8E0F /* Commit.xcdatamodel */;
			path = Commit.xcdatamodeld;
			sourceTree = "<group>";
			versionGroupType = wrapper.xcdatamodel;
		};
/* End XCVersionGroup section */
	};
	rootObject = E9CB32C527EEC3A5000C8E0F /* Project object */;
}
